
Microsoft Visual Studio Solution File, Format Version 12.00
# Visual Studio 15
VisualStudioVersion = 15.0.28307.539
MinimumVisualStudioVersion = 10.0.40219.1
Project("{9A19103F-16F7-4668-BE54-9A1E7A4F7556}") = "ProyectoCoches_DATA", "ProyectoCoches_DATA\ProyectoCoches_DATA.csproj", "{1192B474-868D-4D71-8561-DCFF49AF62F9}"
EndProject
Project("{9A19103F-16F7-4668-BE54-9A1E7A4F7556}") = "ProyectoCoches_MVC", "ProyectoCoches_MVC\ProyectoCoches_MVC.csproj", "{379DD64B-9166-48BE-A7C2-A5DA26A5B2DB}"
EndProject
Project("{FAE04EC0-301F-11D3-BF4B-00C04F79EFBC}") = "WebApplication1", "WebApplication1\WebApplication1.csproj", "{88CA4536-4075-4150-8C7C-E3582F3FA23C}"
EndProject
Global
	GlobalSection(SolutionConfigurationPlatforms) = preSolution
		Debug|Any CPU = Debug|Any CPU
		Release|Any CPU = Release|Any CPU
	EndGlobalSection
	GlobalSection(ProjectConfigurationPlatforms) = postSolution
		{1192B474-868D-4D71-8561-DCFF49AF62F9}.Debug|Any CPU.ActiveCfg = Debug|Any CPU
		{1192B474-868D-4D71-8561-DCFF49AF62F9}.Debug|Any CPU.Build.0 = Debug|Any CPU
		{1192B474-868D-4D71-8561-DCFF49AF62F9}.Release|Any CPU.ActiveCfg = Release|Any CPU
		{1192B474-868D-4D71-8561-DCFF49AF62F9}.Release|Any CPU.Build.0 = Release|Any CPU
		{379DD64B-9166-48BE-A7C2-A5DA26A5B2DB}.Debug|Any CPU.ActiveCfg = Debug|Any CPU
		{379DD64B-9166-48BE-A7C2-A5DA26A5B2DB}.Debug|Any CPU.Build.0 = Debug|Any CPU
		{379DD64B-9166-48BE-A7C2-A5DA26A5B2DB}.Release|Any CPU.ActiveCfg = Release|Any CPU
		{379DD64B-9166-48BE-A7C2-A5DA26A5B2DB}.Release|Any CPU.Build.0 = Release|Any CPU
		{88CA4536-4075-4150-8C7C-E3582F3FA23C}.Debug|Any CPU.ActiveCfg = Debug|Any CPU
		{88CA4536-4075-4150-8C7C-E3582F3FA23C}.Debug|Any CPU.Build.0 = Debug|Any CPU
		{88CA4536-4075-4150-8C7C-E3582F3FA23C}.Release|Any CPU.ActiveCfg = Release|Any CPU
		{88CA4536-4075-4150-8C7C-E3582F3FA23C}.Release|Any CPU.Build.0 = Release|Any CPU
	EndGlobalSection
	GlobalSection(SolutionProperties) = preSolution
		HideSolutionNode = FALSE
	EndGlobalSection
	GlobalSection(ExtensibilityGlobals) = postSolution
		SolutionGuid = {7C2B452C-30FE-4ABC-8E64-0E31AA47EF85}
	EndGlobalSection
EndGlobal
