
Microsoft Visual Studio Solution File, Format Version 12.00
# Visual Studio 15
VisualStudioVersion = 15.0.28307.539
MinimumVisualStudioVersion = 10.0.40219.1
Project("{9A19103F-16F7-4668-BE54-9A1E7A4F7556}") = "ProyectoCoches_DATA", "ProyectoCoches_DATA\ProyectoCoches_DATA.csproj", "{1192B474-868D-4D71-8561-DCFF49AF62F9}"
EndProject
Project("{9A19103F-16F7-4668-BE54-9A1E7A4F7556}") = "ProyectoCoches_MVC", "ProyectoCoches_MVC\ProyectoCoches_MVC.csproj", "{E8F12D6B-20B7-4CA5-BB6F-8D0A12996E62}"
EndProject
Global
	GlobalSection(SolutionConfigurationPlatforms) = preSolution
		Debug|Any CPU = Debug|Any CPU
		Release|Any CPU = Release|Any CPU
	EndGlobalSection
	GlobalSection(ProjectConfigurationPlatforms) = postSolution
		{1192B474-868D-4D71-8561-DCFF49AF62F9}.Debug|Any CPU.ActiveCfg = Debug|Any CPU
		{1192B474-868D-4D71-8561-DCFF49AF62F9}.Debug|Any CPU.Build.0 = Debug|Any CPU
		{1192B474-868D-4D71-8561-DCFF49AF62F9}.Release|Any CPU.ActiveCfg = Release|Any CPU
		{1192B474-868D-4D71-8561-DCFF49AF62F9}.Release|Any CPU.Build.0 = Release|Any CPU
		{E8F12D6B-20B7-4CA5-BB6F-8D0A12996E62}.Debug|Any CPU.ActiveCfg = Debug|Any CPU
		{E8F12D6B-20B7-4CA5-BB6F-8D0A12996E62}.Debug|Any CPU.Build.0 = Debug|Any CPU
		{E8F12D6B-20B7-4CA5-BB6F-8D0A12996E62}.Release|Any CPU.ActiveCfg = Release|Any CPU
		{E8F12D6B-20B7-4CA5-BB6F-8D0A12996E62}.Release|Any CPU.Build.0 = Release|Any CPU
	EndGlobalSection
	GlobalSection(SolutionProperties) = preSolution
		HideSolutionNode = FALSE
	EndGlobalSection
	GlobalSection(ExtensibilityGlobals) = postSolution
		SolutionGuid = {7C2B452C-30FE-4ABC-8E64-0E31AA47EF85}
	EndGlobalSection
EndGlobal
